
Microsoft Visual Studio Solution File, Format Version 12.00
# Visual Studio Version 16
VisualStudioVersion = 16.0.32106.194
MinimumVisualStudioVersion = 10.0.40219.1
Project("{FAE04EC0-301F-11D3-BF4B-00C04F79EFBC}") = "ScreenshotDemo", "ScreenshotDemo.csproj", "{58D72C28-44FF-4B5F-B454-1517CCA7FA4E}"
EndProject
Global
	GlobalSection(SolutionConfigurationPlatforms) = preSolution
		Debug|Any CPU = Debug|Any CPU
		Release|Any CPU = Release|Any CPU
	EndGlobalSection
	GlobalSection(ProjectConfigurationPlatforms) = postSolution
		{58D72C28-44FF-4B5F-B454-1517CCA7FA4E}.Debug|Any CPU.ActiveCfg = Debug|Any CPU
		{58D72C28-44FF-4B5F-B454-1517CCA7FA4E}.Debug|Any CPU.Build.0 = Debug|Any CPU
		{58D72C28-44FF-4B5F-B454-1517CCA7FA4E}.Debug|Any CPU.Deploy.0 = Debug|Any CPU
		{58D72C28-44FF-4B5F-B454-1517CCA7FA4E}.Release|Any CPU.ActiveCfg = Release|Any CPU
		{58D72C28-44FF-4B5F-B454-1517CCA7FA4E}.Release|Any CPU.Build.0 = Release|Any CPU
		{58D72C28-44FF-4B5F-B454-1517CCA7FA4E}.Release|Any CPU.Deploy.0 = Release|Any CPU
	EndGlobalSection
	GlobalSection(SolutionProperties) = preSolution
		HideSolutionNode = FALSE
	EndGlobalSection
	GlobalSection(ExtensibilityGlobals) = postSolution
		SolutionGuid = {322893A3-C188-4CD5-BBFA-8F4762A1C705}
	EndGlobalSection
EndGlobal
